
Microsoft Visual Studio Solution File, Format Version 12.00
# Visual Studio 2013
VisualStudioVersion = 12.0.40629.0
MinimumVisualStudioVersion = 10.0.40219.1
Project("{FAE04EC0-301F-11D3-BF4B-00C04F79EFBC}") = "SyncIIS", "SyncIIS\SyncIIS.csproj", "{2C0BC05C-15BF-4C77-A438-13621D705477}"
EndProject
Project("{2150E333-8FDC-42A3-9474-1A3956D46DE8}") = "Solution Items", "Solution Items", "{28FC60CD-2117-4606-AD7F-B833D5171DEE}"
	ProjectSection(SolutionItems) = preProject
		.gitignore = .gitignore
		IntegrationTests.testsettings = IntegrationTests.testsettings
		README.md = README.md
		UnitTests.testsettings = UnitTests.testsettings
	EndProjectSection
EndProject
Project("{2150E333-8FDC-42A3-9474-1A3956D46DE8}") = ".nuget", ".nuget", "{FDE94ADA-9457-4966-8A56-DA7DDBA6DF52}"
	ProjectSection(SolutionItems) = preProject
		.nuget\packages.config = .nuget\packages.config
	EndProjectSection
EndProject
Global
	GlobalSection(SolutionConfigurationPlatforms) = preSolution
		Debug|Any CPU = Debug|Any CPU
		Release|Any CPU = Release|Any CPU
	EndGlobalSection
	GlobalSection(ProjectConfigurationPlatforms) = postSolution
		{2C0BC05C-15BF-4C77-A438-13621D705477}.Debug|Any CPU.ActiveCfg = Debug|Any CPU
		{2C0BC05C-15BF-4C77-A438-13621D705477}.Debug|Any CPU.Build.0 = Debug|Any CPU
		{2C0BC05C-15BF-4C77-A438-13621D705477}.Release|Any CPU.ActiveCfg = Release|Any CPU
		{2C0BC05C-15BF-4C77-A438-13621D705477}.Release|Any CPU.Build.0 = Release|Any CPU
	EndGlobalSection
	GlobalSection(SolutionProperties) = preSolution
		HideSolutionNode = FALSE
	EndGlobalSection
EndGlobal
